{"1.1.0",
[{<<"base16">>,{pkg,<<"base16">>,<<"1.0.0">>},0},
 {<<"eini">>,{pkg,<<"eini">>,<<"1.2.4">>},0},
 {<<"jsx">>,{pkg,<<"jsx">>,<<"2.9.0">>},0},
 {<<"lhttpc">>,{pkg,<<"lhttpc">>,<<"1.5.1">>},0}]}.
[
{pkg_hash,[
 {<<"base16">>, <<"283644E2B21BD5915ACB7178BED7851FB07C6E5749B8FAD68A53C501092176D9">>},
 {<<"eini">>, <<"ABD64A0533398A6D714D21219BB85F2D41FDB42665AC4080939B7BFA8E55F386">>},
 {<<"jsx">>, <<"D2F6E5F069C00266CAD52FB15D87C428579EA4D7D73A33669E12679E203329DD">>},
 {<<"lhttpc">>, <<"2137CB82D123751B21CC0461A00734CD32CB470BC6278BA139EE13C1ECC3C2B1">>}]}
].
